// !$*UTF8*$!
{
	archiveVersion = 1;
	classes = {
	};
	objectVersion = 50;
	objects = {

/* Begin PBXBuildFile section */
		50F9BEF12330759C001FDD6B /* AppDelegate.swift in Sources */ = {isa = PBXBuildFile; fileRef = 50F9BEF02330759C001FDD6B /* AppDelegate.swift */; };
		50F9BEF32330759C001FDD6B /* ViewController.swift in Sources */ = {isa = PBXBuildFile; fileRef = 50F9BEF22330759C001FDD6B /* ViewController.swift */; };
		50F9BEF82330759E001FDD6B /* Assets.xcassets in Resources */ = {isa = PBXBuildFile; fileRef = 50F9BEF72330759E001FDD6B /* Assets.xcassets */; };
		50F9BEFB2330759E001FDD6B /* LaunchScreen.storyboard in Resources */ = {isa = PBXBuildFile; fileRef = 50F9BEF92330759E001FDD6B /* LaunchScreen.storyboard */; };
		50F9BF062330759E001FDD6B /* ClockInTests.swift in Sources */ = {isa = PBXBuildFile; fileRef = 50F9BF052330759E001FDD6B /* ClockInTests.swift */; };
		50F9BF1F23308C3B001FDD6B /* Extensions.swift in Sources */ = {isa = PBXBuildFile; fileRef = 50F9BF1E23308C3B001FDD6B /* Extensions.swift */; };
/* End PBXBuildFile section */

/* Begin PBXContainerItemProxy section */
		50F9BF022330759E001FDD6B /* PBXContainerItemProxy */ = {
			isa = PBXContainerItemProxy;
			containerPortal = 50F9BEE52330759C001FDD6B /* Project object */;
			proxyType = 1;
			remoteGlobalIDString = 50F9BEEC2330759C001FDD6B;
			remoteInfo = ClockIn;
		};
/* End PBXContainerItemProxy section */

/* Begin PBXFileReference section */
		50F9BEED2330759C001FDD6B /* ClockIn.app */ = {isa = PBXFileReference; explicitFileType = wrapper.application; includeInIndex = 0; path = ClockIn.app; sourceTree = BUILT_PRODUCTS_DIR; };
		50F9BEF02330759C001FDD6B /* AppDelegate.swift */ = {isa = PBXFileReference; lastKnownFileType = sourcecode.swift; path = AppDelegate.swift; sourceTree = "<group>"; };
		50F9BEF22330759C001FDD6B /* ViewController.swift */ = {isa = PBXFileReference; lastKnownFileType = sourcecode.swift; path = ViewController.swift; sourceTree = "<group>"; };
		50F9BEF72330759E001FDD6B /* Assets.xcassets */ = {isa = PBXFileReference; lastKnownFileType = folder.assetcatalog; path = Assets.xcassets; sourceTree = "<group>"; };
		50F9BEFA2330759E001FDD6B /* Base */ = {isa = PBXFileReference; lastKnownFileType = file.storyboard; name = Base; path = Base.lproj/LaunchScreen.storyboard; sourceTree = "<group>"; };
		50F9BEFC2330759E001FDD6B /* Info.plist */ = {isa = PBXFileReference; lastKnownFileType = text.plist.xml; path = Info.plist; sourceTree = "<group>"; };
		50F9BF012330759E001FDD6B /* ClockInTests.xctest */ = {isa = PBXFileReference; explicitFileType = wrapper.cfbundle; includeInIndex = 0; path = ClockInTests.xctest; sourceTree = BUILT_PRODUCTS_DIR; };
		50F9BF052330759E001FDD6B /* ClockInTests.swift */ = {isa = PBXFileReference; lastKnownFileType = sourcecode.swift; path = ClockInTests.swift; sourceTree = "<group>"; };
		50F9BF072330759E001FDD6B /* Info.plist */ = {isa = PBXFileReference; lastKnownFileType = text.plist.xml; path = Info.plist; sourceTree = "<group>"; };
		50F9BF1E23308C3B001FDD6B /* Extensions.swift */ = {isa = PBXFileReference; lastKnownFileType = sourcecode.swift; path = Extensions.swift; sourceTree = "<group>"; };
/* End PBXFileReference section */

/* Begin PBXFrameworksBuildPhase section */
		50F9BEEA2330759C001FDD6B /* Frameworks */ = {
			isa = PBXFrameworksBuildPhase;
			buildActionMask = 2147483647;
			files = (
			);
			runOnlyForDeploymentPostprocessing = 0;
		};
		50F9BEFE2330759E001FDD6B /* Frameworks */ = {
			isa = PBXFrameworksBuildPhase;
			buildActionMask = 2147483647;
			files = (
			);
			runOnlyForDeploymentPostprocessing = 0;
		};
/* End PBXFrameworksBuildPhase section */

/* Begin PBXGroup section */
		50F9BEE42330759C001FDD6B = {
			isa = PBXGroup;
			children = (
				50F9BEEF2330759C001FDD6B /* ClockIn */,
				50F9BF042330759E001FDD6B /* ClockInTests */,
				50F9BEEE2330759C001FDD6B /* Products */,
			);
			sourceTree = "<group>";
		};
		50F9BEEE2330759C001FDD6B /* Products */ = {
			isa = PBXGroup;
			children = (
				50F9BEED2330759C001FDD6B /* ClockIn.app */,
				50F9BF012330759E001FDD6B /* ClockInTests.xctest */,
			);
			name = Products;
			sourceTree = "<group>";
		};
		50F9BEEF2330759C001FDD6B /* ClockIn */ = {
			isa = PBXGroup;
			children = (
				50F9BEF02330759C001FDD6B /* AppDelegate.swift */,
				50F9BEF22330759C001FDD6B /* ViewController.swift */,
				50F9BEF72330759E001FDD6B /* Assets.xcassets */,
				50F9BEF92330759E001FDD6B /* LaunchScreen.storyboard */,
				50F9BEFC2330759E001FDD6B /* Info.plist */,
				50F9BF1E23308C3B001FDD6B /* Extensions.swift */,
			);
			path = ClockIn;
			sourceTree = "<group>";
		};
		50F9BF042330759E001FDD6B /* ClockInTests */ = {
			isa = PBXGroup;
			children = (
				50F9BF052330759E001FDD6B /* ClockInTests.swift */,
				50F9BF072330759E001FDD6B /* Info.plist */,
			);
			path = ClockInTests;
			sourceTree = "<group>";
		};
/* End PBXGroup section */

/* Begin PBXNativeTarget section */
		50F9BEEC2330759C001FDD6B /* ClockIn */ = {
			isa = PBXNativeTarget;
			buildConfigurationList = 50F9BF152330759E001FDD6B /* Build configuration list for PBXNativeTarget "ClockIn" */;
			buildPhases = (
				50F9BEE92330759C001FDD6B /* Sources */,
				50F9BEEA2330759C001FDD6B /* Frameworks */,
				50F9BEEB2330759C001FDD6B /* Resources */,
			);
			buildRules = (
			);
			dependencies = (
			);
			name = ClockIn;
			productName = ClockIn;
			productReference = 50F9BEED2330759C001FDD6B /* ClockIn.app */;
			productType = "com.apple.product-type.application";
		};
		50F9BF002330759E001FDD6B /* ClockInTests */ = {
			isa = PBXNativeTarget;
			buildConfigurationList = 50F9BF182330759E001FDD6B /* Build configuration list for PBXNativeTarget "ClockInTests" */;
			buildPhases = (
				50F9BEFD2330759E001FDD6B /* Sources */,
				50F9BEFE2330759E001FDD6B /* Frameworks */,
				50F9BEFF2330759E001FDD6B /* Resources */,
			);
			buildRules = (
			);
			dependencies = (
				50F9BF032330759E001FDD6B /* PBXTargetDependency */,
			);
			name = ClockInTests;
			productName = ClockInTests;
			productReference = 50F9BF012330759E001FDD6B /* ClockInTests.xctest */;
			productType = "com.apple.product-type.bundle.unit-test";
		};
/* End PBXNativeTarget section */

/* Begin PBXProject section */
		50F9BEE52330759C001FDD6B /* Project object */ = {
			isa = PBXProject;
			attributes = {
				LastSwiftUpdateCheck = 1030;
				LastUpgradeCheck = 1030;
				ORGANIZATIONNAME = "Arief Shaifullah Akbar";
				TargetAttributes = {
					50F9BEEC2330759C001FDD6B = {
						CreatedOnToolsVersion = 10.3;
					};
					50F9BF002330759E001FDD6B = {
						CreatedOnToolsVersion = 10.3;
						TestTargetID = 50F9BEEC2330759C001FDD6B;
					};
				};
			};
			buildConfigurationList = 50F9BEE82330759C001FDD6B /* Build configuration list for PBXProject "ClockIn" */;
			compatibilityVersion = "Xcode 9.3";
			developmentRegion = en;
			hasScannedForEncodings = 0;
			knownRegions = (
				en,
				Base,
			);
			mainGroup = 50F9BEE42330759C001FDD6B;
			productRefGroup = 50F9BEEE2330759C001FDD6B /* Products */;
			projectDirPath = "";
			projectRoot = "";
			targets = (
				50F9BEEC2330759C001FDD6B /* ClockIn */,
				50F9BF002330759E001FDD6B /* ClockInTests */,
			);
		};
/* End PBXProject section */

/* Begin PBXResourcesBuildPhase section */
		50F9BEEB2330759C001FDD6B /* Resources */ = {
			isa = PBXResourcesBuildPhase;
			buildActionMask = 2147483647;
			files = (
				50F9BEFB2330759E001FDD6B /* LaunchScreen.storyboard in Resources */,
				50F9BEF82330759E001FDD6B /* Assets.xcassets in Resources */,
			);
			runOnlyForDeploymentPostprocessing = 0;
		};
		50F9BEFF2330759E001FDD6B /* Resources */ = {
			isa = PBXResourcesBuildPhase;
			buildActionMask = 2147483647;
			files = (
			);
			runOnlyForDeploymentPostprocessing = 0;
		};
/* End PBXResourcesBuildPhase section */

/* Begin PBXSourcesBuildPhase section */
		50F9BEE92330759C001FDD6B /* Sources */ = {
			isa = PBXSourcesBuildPhase;
			buildActionMask = 2147483647;
			files = (
				50F9BEF32330759C001FDD6B /* ViewController.swift in Sources */,
				50F9BF1F23308C3B001FDD6B /* Extensions.swift in Sources */,
				50F9BEF12330759C001FDD6B /* AppDelegate.swift in Sources */,
			);
			runOnlyForDeploymentPostprocessing = 0;
		};
		50F9BEFD2330759E001FDD6B /* Sources */ = {
			isa = PBXSourcesBuildPhase;
			buildActionMask = 2147483647;
			files = (
				50F9BF062330759E001FDD6B /* ClockInTests.swift in Sources */,
			);
			runOnlyForDeploymentPostprocessing = 0;
		};
/* End PBXSourcesBuildPhase section */

/* Begin PBXTargetDependency section */
		50F9BF032330759E001FDD6B /* PBXTargetDependency */ = {
			isa = PBXTargetDependency;
			target = 50F9BEEC2330759C001FDD6B /* ClockIn */;
			targetProxy = 50F9BF022330759E001FDD6B /* PBXContainerItemProxy */;
		};
/* End PBXTargetDependency section */

/* Begin PBXVariantGroup section */
		50F9BEF92330759E001FDD6B /* LaunchScreen.storyboard */ = {
			isa = PBXVariantGroup;
			children = (
				50F9BEFA2330759E001FDD6B /* Base */,
			);
			name = LaunchScreen.storyboard;
			sourceTree = "<group>";
		};
/* End PBXVariantGroup section */

/* Begin XCBuildConfiguration section */
		50F9BF132330759E001FDD6B /* Debug */ = {
			isa = XCBuildConfiguration;
			buildSettings = {
				ALWAYS_SEARCH_USER_PATHS = NO;
				CLANG_ANALYZER_NONNULL = YES;
				CLANG_ANALYZER_NUMBER_OBJECT_CONVERSION = YES_AGGRESSIVE;
				CLANG_CXX_LANGUAGE_STANDARD = "gnu++14";
				CLANG_CXX_LIBRARY = "libc++";
				CLANG_ENABLE_MODULES = YES;
				CLANG_ENABLE_OBJC_ARC = YES;
				CLANG_ENABLE_OBJC_WEAK = YES;
				CLANG_WARN_BLOCK_CAPTURE_AUTORELEASING = YES;
				CLANG_WARN_BOOL_CONVERSION = YES;
				CLANG_WARN_COMMA = YES;
				CLANG_WARN_CONSTANT_CONVERSION = YES;
				CLANG_WARN_DEPRECATED_OBJC_IMPLEMENTATIONS = YES;
				CLANG_WARN_DIRECT_OBJC_ISA_USAGE = YES_ERROR;
				CLANG_WARN_DOCUMENTATION_COMMENTS = YES;
				CLANG_WARN_EMPTY_BODY = YES;
				CLANG_WARN_ENUM_CONVERSION = YES;
				CLANG_WARN_INFINITE_RECURSION = YES;
				CLANG_WARN_INT_CONVERSION = YES;
				CLANG_WARN_NON_LITERAL_NULL_CONVERSION = YES;
				CLANG_WARN_OBJC_IMPLICIT_RETAIN_SELF = YES;
				CLANG_WARN_OBJC_LITERAL_CONVERSION = YES;
				CLANG_WARN_OBJC_ROOT_CLASS = YES_ERROR;
				CLANG_WARN_RANGE_LOOP_ANALYSIS = YES;
				CLANG_WARN_STRICT_PROTOTYPES = YES;
				CLANG_WARN_SUSPICIOUS_MOVE = YES;
				CLANG_WARN_UNGUARDED_AVAILABILITY = YES_AGGRESSIVE;
				CLANG_WARN_UNREACHABLE_CODE = YES;
				CLANG_WARN__DUPLICATE_METHOD_MATCH = YES;
				CODE_SIGN_IDENTITY = "iPhone Developer";
				COPY_PHASE_STRIP = NO;
				DEBUG_INFORMATION_FORMAT = dwarf;
				ENABLE_STRICT_OBJC_MSGSEND = YES;
				ENABLE_TESTABILITY = YES;
				GCC_C_LANGUAGE_STANDARD = gnu11;
				GCC_DYNAMIC_NO_PIC = NO;
				GCC_NO_COMMON_BLOCKS = YES;
				GCC_OPTIMIZATION_LEVEL = 0;
				GCC_PREPROCESSOR_DEFINITIONS = (
					"DEBUG=1",
					"$(inherited)",
				);
				GCC_WARN_64_TO_32_BIT_CONVERSION = YES;
				GCC_WARN_ABOUT_RETURN_TYPE = YES_ERROR;
				GCC_WARN_UNDECLARED_SELECTOR = YES;
				GCC_WARN_UNINITIALIZED_AUTOS = YES_AGGRESSIVE;
				GCC_WARN_UNUSED_FUNCTION = YES;
				GCC_WARN_UNUSED_VARIABLE = YES;
				IPHONEOS_DEPLOYMENT_TARGET = 12.4;
				MTL_ENABLE_DEBUG_INFO = INCLUDE_SOURCE;
				MTL_FAST_MATH = YES;
				ONLY_ACTIVE_ARCH = YES;
				SDKROOT = iphoneos;
				SWIFT_ACTIVE_COMPILATION_CONDITIONS = DEBUG;
				SWIFT_OPTIMIZATION_LEVEL = "-Onone";
			};
			name = Debug;
		};
		50F9BF142330759E001FDD6B /* Release */ = {
			isa = XCBuildConfiguration;
			buildSettings = {
				ALWAYS_SEARCH_USER_PATHS = NO;
				CLANG_ANALYZER_NONNULL = YES;
				CLANG_ANALYZER_NUMBER_OBJECT_CONVERSION = YES_AGGRESSIVE;
				CLANG_CXX_LANGUAGE_STANDARD = "gnu++14";
				CLANG_CXX_LIBRARY = "libc++";
				CLANG_ENABLE_MODULES = YES;
				CLANG_ENABLE_OBJC_ARC = YES;
				CLANG_ENABLE_OBJC_WEAK = YES;
				CLANG_WARN_BLOCK_CAPTURE_AUTORELEASING = YES;
				CLANG_WARN_BOOL_CONVERSION = YES;
				CLANG_WARN_COMMA = YES;
				CLANG_WARN_CONSTANT_CONVERSION = YES;
				CLANG_WARN_DEPRECATED_OBJC_IMPLEMENTATIONS = YES;
				CLANG_WARN_DIRECT_OBJC_ISA_USAGE = YES_ERROR;
				CLANG_WARN_DOCUMENTATION_COMMENTS = YES;
				CLANG_WARN_EMPTY_BODY = YES;
				CLANG_WARN_ENUM_CONVERSION = YES;
				CLANG_WARN_INFINITE_RECURSION = YES;
				CLANG_WARN_INT_CONVERSION = YES;
				CLANG_WARN_NON_LITERAL_NULL_CONVERSION = YES;
				CLANG_WARN_OBJC_IMPLICIT_RETAIN_SELF = YES;
				CLANG_WARN_OBJC_LITERAL_CONVERSION = YES;
				CLANG_WARN_OBJC_ROOT_CLASS = YES_ERROR;
				CLANG_WARN_RANGE_LOOP_ANALYSIS = YES;
				CLANG_WARN_STRICT_PROTOTYPES = YES;
				CLANG_WARN_SUSPICIOUS_MOVE = YES;
				CLANG_WARN_UNGUARDED_AVAILABILITY = YES_AGGRESSIVE;
				CLANG_WARN_UNREACHABLE_CODE = YES;
				CLANG_WARN__DUPLICATE_METHOD_MATCH = YES;
				CODE_SIGN_IDENTITY = "iPhone Developer";
				COPY_PHASE_STRIP = NO;
				DEBUG_INFORMATION_FORMAT = "dwarf-with-dsym";
				ENABLE_NS_ASSERTIONS = NO;
				ENABLE_STRICT_OBJC_MSGSEND = YES;
				GCC_C_LANGUAGE_STANDARD = gnu11;
				GCC_NO_COMMON_BLOCKS = YES;
				GCC_WARN_64_TO_32_BIT_CONVERSION = YES;
				GCC_WARN_ABOUT_RETURN_TYPE = YES_ERROR;
				GCC_WARN_UNDECLARED_SELECTOR = YES;
				GCC_WARN_UNINITIALIZED_AUTOS = YES_AGGRESSIVE;
				GCC_WARN_UNUSED_FUNCTION = YES;
				GCC_WARN_UNUSED_VARIABLE = YES;
				IPHONEOS_DEPLOYMENT_TARGET = 12.4;
				MTL_ENABLE_DEBUG_INFO = NO;
				MTL_FAST_MATH = YES;
				SDKROOT = iphoneos;
				SWIFT_COMPILATION_MODE = wholemodule;
				SWIFT_OPTIMIZATION_LEVEL = "-O";
				VALIDATE_PRODUCT = YES;
			};
			name = Release;
		};
		50F9BF162330759E001FDD6B /* Debug */ = {
			isa = XCBuildConfiguration;
			buildSettings = {
				ASSETCATALOG_COMPILER_APPICON_NAME = AppIcon;
				CODE_SIGN_STYLE = Automatic;
				DEVELOPMENT_TEAM = RRPP8KKB4V;
				INFOPLIST_FILE = ClockIn/Info.plist;
				LD_RUNPATH_SEARCH_PATHS = (
					"$(inherited)",
					"@executable_path/Frameworks",
				);
				PRODUCT_BUNDLE_IDENTIFIER = com.shaifullah.ClockIn;
				PRODUCT_NAME = "$(TARGET_NAME)";
				SWIFT_VERSION = 5.0;
				TARGETED_DEVICE_FAMILY = "1,2";
			};
			name = Debug;
		};
		50F9BF172330759E001FDD6B /* Release */ = {
			isa = XCBuildConfiguration;
			buildSettings = {
				ASSETCATALOG_COMPILER_APPICON_NAME = AppIcon;
				CODE_SIGN_STYLE = Automatic;
				DEVELOPMENT_TEAM = RRPP8KKB4V;
				INFOPLIST_FILE = ClockIn/Info.plist;
				LD_RUNPATH_SEARCH_PATHS = (
					"$(inherited)",
					"@executable_path/Frameworks",
				);
				PRODUCT_BUNDLE_IDENTIFIER = com.shaifullah.ClockIn;
				PRODUCT_NAME = "$(TARGET_NAME)";
				SWIFT_VERSION = 5.0;
				TARGETED_DEVICE_FAMILY = "1,2";
			};
			name = Release;
		};
		50F9BF192330759E001FDD6B /* Debug */ = {
			isa = XCBuildConfiguration;
			buildSettings = {
				ALWAYS_EMBED_SWIFT_STANDARD_LIBRARIES = YES;
				BUNDLE_LOADER = "$(TEST_HOST)";
				CODE_SIGN_STYLE = Automatic;
				DEVELOPMENT_TEAM = RRPP8KKB4V;
				INFOPLIST_FILE = ClockInTests/Info.plist;
				LD_RUNPATH_SEARCH_PATHS = (
					"$(inherited)",
					"@executable_path/Frameworks",
					"@loader_path/Frameworks",
				);
				PRODUCT_BUNDLE_IDENTIFIER = com.shaifullah.ClockInTests;
				PRODUCT_NAME = "$(TARGET_NAME)";
				SWIFT_VERSION = 5.0;
				TARGETED_DEVICE_FAMILY = "1,2";
				TEST_HOST = "$(BUILT_PRODUCTS_DIR)/ClockIn.app/ClockIn";
			};
			name = Debug;
		};
		50F9BF1A2330759E001FDD6B /* Release */ = {
			isa = XCBuildConfiguration;
			buildSettings = {
				ALWAYS_EMBED_SWIFT_STANDARD_LIBRARIES = YES;
				BUNDLE_LOADER = "$(TEST_HOST)";
				CODE_SIGN_STYLE = Automatic;
				DEVELOPMENT_TEAM = RRPP8KKB4V;
				INFOPLIST_FILE = ClockInTests/Info.plist;
				LD_RUNPATH_SEARCH_PATHS = (
					"$(inherited)",
					"@executable_path/Frameworks",
					"@loader_path/Frameworks",
				);
				PRODUCT_BUNDLE_IDENTIFIER = com.shaifullah.ClockInTests;
				PRODUCT_NAME = "$(TARGET_NAME)";
				SWIFT_VERSION = 5.0;
				TARGETED_DEVICE_FAMILY = "1,2";
				TEST_HOST = "$(BUILT_PRODUCTS_DIR)/ClockIn.app/ClockIn";
			};
			name = Release;
		};
/* End XCBuildConfiguration section */

/* Begin XCConfigurationList section */
		50F9BEE82330759C001FDD6B /* Build configuration list for PBXProject "ClockIn" */ = {
			isa = XCConfigurationList;
			buildConfigurations = (
				50F9BF132330759E001FDD6B /* Debug */,
				50F9BF142330759E001FDD6B /* Release */,
			);
			defaultConfigurationIsVisible = 0;
			defaultConfigurationName = Release;
		};
		50F9BF152330759E001FDD6B /* Build configuration list for PBXNativeTarget "ClockIn" */ = {
			isa = XCConfigurationList;
			buildConfigurations = (
				50F9BF162330759E001FDD6B /* Debug */,
				50F9BF172330759E001FDD6B /* Release */,
			);
			defaultConfigurationIsVisible = 0;
			defaultConfigurationName = Release;
		};
		50F9BF182330759E001FDD6B /* Build configuration list for PBXNativeTarget "ClockInTests" */ = {
			isa = XCConfigurationList;
			buildConfigurations = (
				50F9BF192330759E001FDD6B /* Debug */,
				50F9BF1A2330759E001FDD6B /* Release */,
			);
			defaultConfigurationIsVisible = 0;
			defaultConfigurationName = Release;
		};
/* End XCConfigurationList section */
	};
	rootObject = 50F9BEE52330759C001FDD6B /* Project object */;
}
